
Microsoft Visual Studio Solution File, Format Version 12.00
# Visual Studio 15
VisualStudioVersion = 15.0.27130.2036
MinimumVisualStudioVersion = 10.0.40219.1
Project("{9A19103F-16F7-4668-BE54-9A1E7A4F7556}") = "ExternalAuthorization", "ExternalAuthorization\ExternalAuthorization.csproj", "{134DBD17-2289-407B-8B53-A996EBAC6392}"
EndProject
Project("{FAE04EC0-301F-11D3-BF4B-00C04F79EFBC}") = "ExternalAuthData", "ExternalAuthData\ExternalAuthData.csproj", "{2B050827-1F7B-4E42-BA33-3A1C500B887F}"
EndProject
Global
	GlobalSection(SolutionConfigurationPlatforms) = preSolution
		Debug|Any CPU = Debug|Any CPU
		Release|Any CPU = Release|Any CPU
	EndGlobalSection
	GlobalSection(ProjectConfigurationPlatforms) = postSolution
		{134DBD17-2289-407B-8B53-A996EBAC6392}.Debug|Any CPU.ActiveCfg = Debug|Any CPU
		{134DBD17-2289-407B-8B53-A996EBAC6392}.Debug|Any CPU.Build.0 = Debug|Any CPU
		{134DBD17-2289-407B-8B53-A996EBAC6392}.Release|Any CPU.ActiveCfg = Release|Any CPU
		{134DBD17-2289-407B-8B53-A996EBAC6392}.Release|Any CPU.Build.0 = Release|Any CPU
		{2B050827-1F7B-4E42-BA33-3A1C500B887F}.Debug|Any CPU.ActiveCfg = Debug|Any CPU
		{2B050827-1F7B-4E42-BA33-3A1C500B887F}.Debug|Any CPU.Build.0 = Debug|Any CPU
		{2B050827-1F7B-4E42-BA33-3A1C500B887F}.Release|Any CPU.ActiveCfg = Release|Any CPU
		{2B050827-1F7B-4E42-BA33-3A1C500B887F}.Release|Any CPU.Build.0 = Release|Any CPU
	EndGlobalSection
	GlobalSection(SolutionProperties) = preSolution
		HideSolutionNode = FALSE
	EndGlobalSection
	GlobalSection(ExtensibilityGlobals) = postSolution
		SolutionGuid = {6DC4DC0E-0326-4292-BAFA-E5A806DD1B9A}
	EndGlobalSection
EndGlobal
